
Microsoft Visual Studio Solution File, Format Version 12.00
# Visual Studio Version 16
VisualStudioVersion = 16.0.31019.35
MinimumVisualStudioVersion = 10.0.40219.1
Project("{FAE04EC0-301F-11D3-BF4B-00C04F79EFBC}") = "List_1402", "List_1402\List_1402.csproj", "{3196B20E-1D32-4EF0-8BD2-D04A5AE0B0EB}"
EndProject
Project("{FAE04EC0-301F-11D3-BF4B-00C04F79EFBC}") = "List_Task2", "List_Task2\List_Task2.csproj", "{2B11F968-A8B3-4AFB-A18F-654A8A4B958A}"
EndProject
Global
	GlobalSection(SolutionConfigurationPlatforms) = preSolution
		Debug|Any CPU = Debug|Any CPU
		Release|Any CPU = Release|Any CPU
	EndGlobalSection
	GlobalSection(ProjectConfigurationPlatforms) = postSolution
		{3196B20E-1D32-4EF0-8BD2-D04A5AE0B0EB}.Debug|Any CPU.ActiveCfg = Debug|Any CPU
		{3196B20E-1D32-4EF0-8BD2-D04A5AE0B0EB}.Debug|Any CPU.Build.0 = Debug|Any CPU
		{3196B20E-1D32-4EF0-8BD2-D04A5AE0B0EB}.Release|Any CPU.ActiveCfg = Release|Any CPU
		{3196B20E-1D32-4EF0-8BD2-D04A5AE0B0EB}.Release|Any CPU.Build.0 = Release|Any CPU
		{2B11F968-A8B3-4AFB-A18F-654A8A4B958A}.Debug|Any CPU.ActiveCfg = Debug|Any CPU
		{2B11F968-A8B3-4AFB-A18F-654A8A4B958A}.Debug|Any CPU.Build.0 = Debug|Any CPU
		{2B11F968-A8B3-4AFB-A18F-654A8A4B958A}.Release|Any CPU.ActiveCfg = Release|Any CPU
		{2B11F968-A8B3-4AFB-A18F-654A8A4B958A}.Release|Any CPU.Build.0 = Release|Any CPU
	EndGlobalSection
	GlobalSection(SolutionProperties) = preSolution
		HideSolutionNode = FALSE
	EndGlobalSection
	GlobalSection(ExtensibilityGlobals) = postSolution
		SolutionGuid = {7704BB88-753D-4D82-AB0E-4B70972FF95F}
	EndGlobalSection
EndGlobal
